
Microsoft Visual Studio Solution File, Format Version 12.00
# Visual Studio Version 16
VisualStudioVersion = 16.0.30406.217
MinimumVisualStudioVersion = 10.0.40219.1
Project("{FAE04EC0-301F-11D3-BF4B-00C04F79EFBC}") = "Test", "Test\Test.csproj", "{F568E945-3C80-45F5-8481-1680921DAECC}"
EndProject
Global
	GlobalSection(SolutionConfigurationPlatforms) = preSolution
		Debug|Any CPU = Debug|Any CPU
		Release|Any CPU = Release|Any CPU
	EndGlobalSection
	GlobalSection(ProjectConfigurationPlatforms) = postSolution
		{F568E945-3C80-45F5-8481-1680921DAECC}.Debug|Any CPU.ActiveCfg = Debug|Any CPU
		{F568E945-3C80-45F5-8481-1680921DAECC}.Debug|Any CPU.Build.0 = Debug|Any CPU
		{F568E945-3C80-45F5-8481-1680921DAECC}.Release|Any CPU.ActiveCfg = Release|Any CPU
		{F568E945-3C80-45F5-8481-1680921DAECC}.Release|Any CPU.Build.0 = Release|Any CPU
	EndGlobalSection
	GlobalSection(SolutionProperties) = preSolution
		HideSolutionNode = FALSE
	EndGlobalSection
	GlobalSection(ExtensibilityGlobals) = postSolution
		SolutionGuid = {093B4781-4FEB-41D7-AB72-BE27A838066B}
	EndGlobalSection
EndGlobal
